
Microsoft Visual Studio Solution File, Format Version 12.00
# Visual Studio 2015
Project("{FAE04EC0-301F-11D3-BF4B-00C04F79EFBC}") = "TapDown.CSharp", "TapDown.CSharp.csproj", "{B719F4C1-A9EA-9743-F238-140AC0929207}"
EndProject
Project("{FAE04EC0-301F-11D3-BF4B-00C04F79EFBC}") = "TapDown.CSharp.Editor", "TapDown.CSharp.Editor.csproj", "{40A27F93-3F1E-0617-B098-B905CE98B83E}"
EndProject
Global
	GlobalSection(SolutionConfigurationPlatforms) = preSolution
		Debug|Any CPU = Debug|Any CPU
		Release|Any CPU = Release|Any CPU
	EndGlobalSection
	GlobalSection(ProjectConfigurationPlatforms) = postSolution
		{B719F4C1-A9EA-9743-F238-140AC0929207}.Debug|Any CPU.ActiveCfg = Debug|Any CPU
		{B719F4C1-A9EA-9743-F238-140AC0929207}.Debug|Any CPU.Build.0 = Debug|Any CPU
		{B719F4C1-A9EA-9743-F238-140AC0929207}.Release|Any CPU.ActiveCfg = Release|Any CPU
		{B719F4C1-A9EA-9743-F238-140AC0929207}.Release|Any CPU.Build.0 = Release|Any CPU
		{40A27F93-3F1E-0617-B098-B905CE98B83E}.Debug|Any CPU.ActiveCfg = Debug|Any CPU
		{40A27F93-3F1E-0617-B098-B905CE98B83E}.Debug|Any CPU.Build.0 = Debug|Any CPU
		{40A27F93-3F1E-0617-B098-B905CE98B83E}.Release|Any CPU.ActiveCfg = Release|Any CPU
		{40A27F93-3F1E-0617-B098-B905CE98B83E}.Release|Any CPU.Build.0 = Release|Any CPU
	EndGlobalSection
	GlobalSection(SolutionProperties) = preSolution
		HideSolutionNode = FALSE
	EndGlobalSection
EndGlobal
